
Microsoft Visual Studio Solution File, Format Version 12.00
# Visual Studio 15
VisualStudioVersion = 15.0.27130.2027
MinimumVisualStudioVersion = 10.0.40219.1
Project("{9A19103F-16F7-4668-BE54-9A1E7A4F7556}") = "Vulnaware", "Vulnaware\Vulnaware.csproj", "{9DEA0EC5-D3F0-496D-A874-E62357933364}"
EndProject
Global
	GlobalSection(SolutionConfigurationPlatforms) = preSolution
		Debug|Any CPU = Debug|Any CPU
		Release|Any CPU = Release|Any CPU
	EndGlobalSection
	GlobalSection(ProjectConfigurationPlatforms) = postSolution
		{9DEA0EC5-D3F0-496D-A874-E62357933364}.Debug|Any CPU.ActiveCfg = Debug|Any CPU
		{9DEA0EC5-D3F0-496D-A874-E62357933364}.Debug|Any CPU.Build.0 = Debug|Any CPU
		{9DEA0EC5-D3F0-496D-A874-E62357933364}.Release|Any CPU.ActiveCfg = Release|Any CPU
		{9DEA0EC5-D3F0-496D-A874-E62357933364}.Release|Any CPU.Build.0 = Release|Any CPU
	EndGlobalSection
	GlobalSection(SolutionProperties) = preSolution
		HideSolutionNode = FALSE
	EndGlobalSection
	GlobalSection(ExtensibilityGlobals) = postSolution
		SolutionGuid = {BE2A80A9-56A8-41C8-B38A-B8250257E036}
	EndGlobalSection
EndGlobal
